// !$*UTF8*$!
{
	archiveVersion = 1;
	classes = {
	};
	objectVersion = 50;
	objects = {

/* Begin PBXBuildFile section */
		D6CA407925C0E73F00A6E2B4 /* SettingsView.swift in Sources */ = {isa = PBXBuildFile; fileRef = D6CA407825C0E73F00A6E2B4 /* SettingsView.swift */; };
		D6CA407C25C0F18B00A6E2B4 /* SettingsLabelView.swift in Sources */ = {isa = PBXBuildFile; fileRef = D6CA407B25C0F18B00A6E2B4 /* SettingsLabelView.swift */; };
		D6CA407F25C108CE00A6E2B4 /* SettingsRowView.swift in Sources */ = {isa = PBXBuildFile; fileRef = D6CA407E25C108CE00A6E2B4 /* SettingsRowView.swift */; };
		D6DF491C25C0789C004B278B /* FruitRowView.swift in Sources */ = {isa = PBXBuildFile; fileRef = D6DF491B25C0789C004B278B /* FruitRowView.swift */; };
		D6DF492025C083A0004B278B /* FruitDetailView.swift in Sources */ = {isa = PBXBuildFile; fileRef = D6DF491F25C083A0004B278B /* FruitDetailView.swift */; };
		D6DF492325C08A41004B278B /* FruitHeaderView.swift in Sources */ = {isa = PBXBuildFile; fileRef = D6DF492225C08A41004B278B /* FruitHeaderView.swift */; };
		D6DF492625C08D58004B278B /* SourceLinkView.swift in Sources */ = {isa = PBXBuildFile; fileRef = D6DF492525C08D58004B278B /* SourceLinkView.swift */; };
		D6E04C9325B8945C00B0320D /* Fructs_AppApp.swift in Sources */ = {isa = PBXBuildFile; fileRef = D6E04C9225B8945C00B0320D /* Fructs_AppApp.swift */; };
		D6E04C9525B8945C00B0320D /* ContentView.swift in Sources */ = {isa = PBXBuildFile; fileRef = D6E04C9425B8945C00B0320D /* ContentView.swift */; };
		D6E04C9725B8945D00B0320D /* Assets.xcassets in Resources */ = {isa = PBXBuildFile; fileRef = D6E04C9625B8945D00B0320D /* Assets.xcassets */; };
		D6E04C9A25B8945D00B0320D /* Preview Assets.xcassets in Resources */ = {isa = PBXBuildFile; fileRef = D6E04C9925B8945D00B0320D /* Preview Assets.xcassets */; };
		D6E04CA825B8AF0C00B0320D /* FruitCardView.swift in Sources */ = {isa = PBXBuildFile; fileRef = D6E04CA725B8AF0C00B0320D /* FruitCardView.swift */; };
		D6E04CAC25B8BC9900B0320D /* StartButtonView.swift in Sources */ = {isa = PBXBuildFile; fileRef = D6E04CAB25B8BC9900B0320D /* StartButtonView.swift */; };
		D6E04CAF25B8D14F00B0320D /* OnboardingView.swift in Sources */ = {isa = PBXBuildFile; fileRef = D6E04CAE25B8D14F00B0320D /* OnboardingView.swift */; };
		D6E04CB825B8D66500B0320D /* FruitModel.swift in Sources */ = {isa = PBXBuildFile; fileRef = D6E04CB725B8D66500B0320D /* FruitModel.swift */; };
		D6E04CBC25B8D7F300B0320D /* FruitData.swift in Sources */ = {isa = PBXBuildFile; fileRef = D6E04CBB25B8D7F300B0320D /* FruitData.swift */; };
		D6EA388625C09AED00172832 /* FruitNutrientsView.swift in Sources */ = {isa = PBXBuildFile; fileRef = D6EA388525C09AED00172832 /* FruitNutrientsView.swift */; };
/* End PBXBuildFile section */

/* Begin PBXFileReference section */
		D6CA407825C0E73F00A6E2B4 /* SettingsView.swift */ = {isa = PBXFileReference; lastKnownFileType = sourcecode.swift; path = SettingsView.swift; sourceTree = "<group>"; };
		D6CA407B25C0F18B00A6E2B4 /* SettingsLabelView.swift */ = {isa = PBXFileReference; lastKnownFileType = sourcecode.swift; path = SettingsLabelView.swift; sourceTree = "<group>"; };
		D6CA407E25C108CE00A6E2B4 /* SettingsRowView.swift */ = {isa = PBXFileReference; lastKnownFileType = sourcecode.swift; name = SettingsRowView.swift; path = "Fructs App/App/SettingsRowView.swift"; sourceTree = SOURCE_ROOT; };
		D6DF491B25C0789C004B278B /* FruitRowView.swift */ = {isa = PBXFileReference; lastKnownFileType = sourcecode.swift; path = FruitRowView.swift; sourceTree = "<group>"; };
		D6DF491F25C083A0004B278B /* FruitDetailView.swift */ = {isa = PBXFileReference; lastKnownFileType = sourcecode.swift; path = FruitDetailView.swift; sourceTree = "<group>"; };
		D6DF492225C08A41004B278B /* FruitHeaderView.swift */ = {isa = PBXFileReference; lastKnownFileType = sourcecode.swift; path = FruitHeaderView.swift; sourceTree = "<group>"; };
		D6DF492525C08D58004B278B /* SourceLinkView.swift */ = {isa = PBXFileReference; lastKnownFileType = sourcecode.swift; path = SourceLinkView.swift; sourceTree = "<group>"; };
		D6E04C8F25B8945C00B0320D /* Fructs App.app */ = {isa = PBXFileReference; explicitFileType = wrapper.application; includeInIndex = 0; path = "Fructs App.app"; sourceTree = BUILT_PRODUCTS_DIR; };
		D6E04C9225B8945C00B0320D /* Fructs_AppApp.swift */ = {isa = PBXFileReference; lastKnownFileType = sourcecode.swift; path = Fructs_AppApp.swift; sourceTree = "<group>"; };
		D6E04C9425B8945C00B0320D /* ContentView.swift */ = {isa = PBXFileReference; lastKnownFileType = sourcecode.swift; path = ContentView.swift; sourceTree = "<group>"; };
		D6E04C9625B8945D00B0320D /* Assets.xcassets */ = {isa = PBXFileReference; lastKnownFileType = folder.assetcatalog; path = Assets.xcassets; sourceTree = "<group>"; };
		D6E04C9925B8945D00B0320D /* Preview Assets.xcassets */ = {isa = PBXFileReference; lastKnownFileType = folder.assetcatalog; path = "Preview Assets.xcassets"; sourceTree = "<group>"; };
		D6E04C9B25B8945D00B0320D /* Info.plist */ = {isa = PBXFileReference; lastKnownFileType = text.plist.xml; path = Info.plist; sourceTree = "<group>"; };
		D6E04CA725B8AF0C00B0320D /* FruitCardView.swift */ = {isa = PBXFileReference; lastKnownFileType = sourcecode.swift; path = FruitCardView.swift; sourceTree = "<group>"; };
		D6E04CAB25B8BC9900B0320D /* StartButtonView.swift */ = {isa = PBXFileReference; lastKnownFileType = sourcecode.swift; path = StartButtonView.swift; sourceTree = "<group>"; };
		D6E04CAE25B8D14F00B0320D /* OnboardingView.swift */ = {isa = PBXFileReference; lastKnownFileType = sourcecode.swift; path = OnboardingView.swift; sourceTree = "<group>"; };
		D6E04CB725B8D66500B0320D /* FruitModel.swift */ = {isa = PBXFileReference; lastKnownFileType = sourcecode.swift; path = FruitModel.swift; sourceTree = "<group>"; };
		D6E04CBB25B8D7F300B0320D /* FruitData.swift */ = {isa = PBXFileReference; lastKnownFileType = sourcecode.swift; path = FruitData.swift; sourceTree = "<group>"; };
		D6EA388525C09AED00172832 /* FruitNutrientsView.swift */ = {isa = PBXFileReference; lastKnownFileType = sourcecode.swift; path = FruitNutrientsView.swift; sourceTree = "<group>"; };
/* End PBXFileReference section */

/* Begin PBXFrameworksBuildPhase section */
		D6E04C8C25B8945C00B0320D /* Frameworks */ = {
			isa = PBXFrameworksBuildPhase;
			buildActionMask = 2147483647;
			files = (
			);
			runOnlyForDeploymentPostprocessing = 0;
		};
/* End PBXFrameworksBuildPhase section */

/* Begin PBXGroup section */
		D6E04C8625B8945C00B0320D = {
			isa = PBXGroup;
			children = (
				D6E04C9125B8945C00B0320D /* Fructs App */,
				D6E04C9025B8945C00B0320D /* Products */,
			);
			sourceTree = "<group>";
		};
		D6E04C9025B8945C00B0320D /* Products */ = {
			isa = PBXGroup;
			children = (
				D6E04C8F25B8945C00B0320D /* Fructs App.app */,
			);
			name = Products;
			sourceTree = "<group>";
		};
		D6E04C9125B8945C00B0320D /* Fructs App */ = {
			isa = PBXGroup;
			children = (
				D6E04CA325B8AE7700B0320D /* App */,
				D6E04CA625B8AED900B0320D /* View */,
				D6E04CBA25B8D7DB00B0320D /* Data */,
				D6E04CB125B8D52F00B0320D /* Model */,
				D6E04C9625B8945D00B0320D /* Assets.xcassets */,
				D6E04C9B25B8945D00B0320D /* Info.plist */,
				D6E04C9825B8945D00B0320D /* Preview Content */,
			);
			path = "Fructs App";
			sourceTree = "<group>";
		};
		D6E04C9825B8945D00B0320D /* Preview Content */ = {
			isa = PBXGroup;
			children = (
				D6E04C9925B8945D00B0320D /* Preview Assets.xcassets */,
			);
			path = "Preview Content";
			sourceTree = "<group>";
		};
		D6E04CA325B8AE7700B0320D /* App */ = {
			isa = PBXGroup;
			children = (
				D6E04C9225B8945C00B0320D /* Fructs_AppApp.swift */,
				D6E04C9425B8945C00B0320D /* ContentView.swift */,
				D6E04CAE25B8D14F00B0320D /* OnboardingView.swift */,
				D6DF491F25C083A0004B278B /* FruitDetailView.swift */,
				D6CA407825C0E73F00A6E2B4 /* SettingsView.swift */,
			);
			path = App;
			sourceTree = "<group>";
		};
		D6E04CA625B8AED900B0320D /* View */ = {
			isa = PBXGroup;
			children = (
				D6CA407E25C108CE00A6E2B4 /* SettingsRowView.swift */,
				D6E04CA725B8AF0C00B0320D /* FruitCardView.swift */,
				D6E04CAB25B8BC9900B0320D /* StartButtonView.swift */,
				D6DF491B25C0789C004B278B /* FruitRowView.swift */,
				D6DF492225C08A41004B278B /* FruitHeaderView.swift */,
				D6DF492525C08D58004B278B /* SourceLinkView.swift */,
				D6EA388525C09AED00172832 /* FruitNutrientsView.swift */,
				D6CA407B25C0F18B00A6E2B4 /* SettingsLabelView.swift */,
			);
			path = View;
			sourceTree = "<group>";
		};
		D6E04CB125B8D52F00B0320D /* Model */ = {
			isa = PBXGroup;
			children = (
				D6E04CB725B8D66500B0320D /* FruitModel.swift */,
			);
			path = Model;
			sourceTree = "<group>";
		};
		D6E04CBA25B8D7DB00B0320D /* Data */ = {
			isa = PBXGroup;
			children = (
				D6E04CBB25B8D7F300B0320D /* FruitData.swift */,
			);
			path = Data;
			sourceTree = "<group>";
		};
/* End PBXGroup section */

/* Begin PBXNativeTarget section */
		D6E04C8E25B8945C00B0320D /* Fructs App */ = {
			isa = PBXNativeTarget;
			buildConfigurationList = D6E04C9E25B8945D00B0320D /* Build configuration list for PBXNativeTarget "Fructs App" */;
			buildPhases = (
				D6E04C8B25B8945C00B0320D /* Sources */,
				D6E04C8C25B8945C00B0320D /* Frameworks */,
				D6E04C8D25B8945C00B0320D /* Resources */,
			);
			buildRules = (
			);
			dependencies = (
			);
			name = "Fructs App";
			productName = "Fructs App";
			productReference = D6E04C8F25B8945C00B0320D /* Fructs App.app */;
			productType = "com.apple.product-type.application";
		};
/* End PBXNativeTarget section */

/* Begin PBXProject section */
		D6E04C8725B8945C00B0320D /* Project object */ = {
			isa = PBXProject;
			attributes = {
				LastSwiftUpdateCheck = 1230;
				LastUpgradeCheck = 1230;
				TargetAttributes = {
					D6E04C8E25B8945C00B0320D = {
						CreatedOnToolsVersion = 12.3;
					};
				};
			};
			buildConfigurationList = D6E04C8A25B8945C00B0320D /* Build configuration list for PBXProject "Fructs App" */;
			compatibilityVersion = "Xcode 9.3";
			developmentRegion = en;
			hasScannedForEncodings = 0;
			knownRegions = (
				en,
				Base,
			);
			mainGroup = D6E04C8625B8945C00B0320D;
			productRefGroup = D6E04C9025B8945C00B0320D /* Products */;
			projectDirPath = "";
			projectRoot = "";
			targets = (
				D6E04C8E25B8945C00B0320D /* Fructs App */,
			);
		};
/* End PBXProject section */

/* Begin PBXResourcesBuildPhase section */
		D6E04C8D25B8945C00B0320D /* Resources */ = {
			isa = PBXResourcesBuildPhase;
			buildActionMask = 2147483647;
			files = (
				D6E04C9A25B8945D00B0320D /* Preview Assets.xcassets in Resources */,
				D6E04C9725B8945D00B0320D /* Assets.xcassets in Resources */,
			);
			runOnlyForDeploymentPostprocessing = 0;
		};
/* End PBXResourcesBuildPhase section */

/* Begin PBXSourcesBuildPhase section */
		D6E04C8B25B8945C00B0320D /* Sources */ = {
			isa = PBXSourcesBuildPhase;
			buildActionMask = 2147483647;
			files = (
				D6E04CBC25B8D7F300B0320D /* FruitData.swift in Sources */,
				D6DF492625C08D58004B278B /* SourceLinkView.swift in Sources */,
				D6CA407F25C108CE00A6E2B4 /* SettingsRowView.swift in Sources */,
				D6E04CA825B8AF0C00B0320D /* FruitCardView.swift in Sources */,
				D6DF491C25C0789C004B278B /* FruitRowView.swift in Sources */,
				D6EA388625C09AED00172832 /* FruitNutrientsView.swift in Sources */,
				D6E04CAC25B8BC9900B0320D /* StartButtonView.swift in Sources */,
				D6DF492025C083A0004B278B /* FruitDetailView.swift in Sources */,
				D6E04C9525B8945C00B0320D /* ContentView.swift in Sources */,
				D6DF492325C08A41004B278B /* FruitHeaderView.swift in Sources */,
				D6E04CAF25B8D14F00B0320D /* OnboardingView.swift in Sources */,
				D6CA407C25C0F18B00A6E2B4 /* SettingsLabelView.swift in Sources */,
				D6E04CB825B8D66500B0320D /* FruitModel.swift in Sources */,
				D6E04C9325B8945C00B0320D /* Fructs_AppApp.swift in Sources */,
				D6CA407925C0E73F00A6E2B4 /* SettingsView.swift in Sources */,
			);
			runOnlyForDeploymentPostprocessing = 0;
		};
/* End PBXSourcesBuildPhase section */

/* Begin XCBuildConfiguration section */
		D6E04C9C25B8945D00B0320D /* Debug */ = {
			isa = XCBuildConfiguration;
			buildSettings = {
				ALWAYS_SEARCH_USER_PATHS = NO;
				CLANG_ANALYZER_NONNULL = YES;
				CLANG_ANALYZER_NUMBER_OBJECT_CONVERSION = YES_AGGRESSIVE;
				CLANG_CXX_LANGUAGE_STANDARD = "gnu++14";
				CLANG_CXX_LIBRARY = "libc++";
				CLANG_ENABLE_MODULES = YES;
				CLANG_ENABLE_OBJC_ARC = YES;
				CLANG_ENABLE_OBJC_WEAK = YES;
				CLANG_WARN_BLOCK_CAPTURE_AUTORELEASING = YES;
				CLANG_WARN_BOOL_CONVERSION = YES;
				CLANG_WARN_COMMA = YES;
				CLANG_WARN_CONSTANT_CONVERSION = YES;
				CLANG_WARN_DEPRECATED_OBJC_IMPLEMENTATIONS = YES;
				CLANG_WARN_DIRECT_OBJC_ISA_USAGE = YES_ERROR;
				CLANG_WARN_DOCUMENTATION_COMMENTS = YES;
				CLANG_WARN_EMPTY_BODY = YES;
				CLANG_WARN_ENUM_CONVERSION = YES;
				CLANG_WARN_INFINITE_RECURSION = YES;
				CLANG_WARN_INT_CONVERSION = YES;
				CLANG_WARN_NON_LITERAL_NULL_CONVERSION = YES;
				CLANG_WARN_OBJC_IMPLICIT_RETAIN_SELF = YES;
				CLANG_WARN_OBJC_LITERAL_CONVERSION = YES;
				CLANG_WARN_OBJC_ROOT_CLASS = YES_ERROR;
				CLANG_WARN_QUOTED_INCLUDE_IN_FRAMEWORK_HEADER = YES;
				CLANG_WARN_RANGE_LOOP_ANALYSIS = YES;
				CLANG_WARN_STRICT_PROTOTYPES = YES;
				CLANG_WARN_SUSPICIOUS_MOVE = YES;
				CLANG_WARN_UNGUARDED_AVAILABILITY = YES_AGGRESSIVE;
				CLANG_WARN_UNREACHABLE_CODE = YES;
				CLANG_WARN__DUPLICATE_METHOD_MATCH = YES;
				COPY_PHASE_STRIP = NO;
				DEBUG_INFORMATION_FORMAT = dwarf;
				ENABLE_STRICT_OBJC_MSGSEND = YES;
				ENABLE_TESTABILITY = YES;
				GCC_C_LANGUAGE_STANDARD = gnu11;
				GCC_DYNAMIC_NO_PIC = NO;
				GCC_NO_COMMON_BLOCKS = YES;
				GCC_OPTIMIZATION_LEVEL = 0;
				GCC_PREPROCESSOR_DEFINITIONS = (
					"DEBUG=1",
					"$(inherited)",
				);
				GCC_WARN_64_TO_32_BIT_CONVERSION = YES;
				GCC_WARN_ABOUT_RETURN_TYPE = YES_ERROR;
				GCC_WARN_UNDECLARED_SELECTOR = YES;
				GCC_WARN_UNINITIALIZED_AUTOS = YES_AGGRESSIVE;
				GCC_WARN_UNUSED_FUNCTION = YES;
				GCC_WARN_UNUSED_VARIABLE = YES;
				IPHONEOS_DEPLOYMENT_TARGET = 14.3;
				MTL_ENABLE_DEBUG_INFO = INCLUDE_SOURCE;
				MTL_FAST_MATH = YES;
				ONLY_ACTIVE_ARCH = YES;
				SDKROOT = iphoneos;
				SWIFT_ACTIVE_COMPILATION_CONDITIONS = DEBUG;
				SWIFT_OPTIMIZATION_LEVEL = "-Onone";
			};
			name = Debug;
		};
		D6E04C9D25B8945D00B0320D /* Release */ = {
			isa = XCBuildConfiguration;
			buildSettings = {
				ALWAYS_SEARCH_USER_PATHS = NO;
				CLANG_ANALYZER_NONNULL = YES;
				CLANG_ANALYZER_NUMBER_OBJECT_CONVERSION = YES_AGGRESSIVE;
				CLANG_CXX_LANGUAGE_STANDARD = "gnu++14";
				CLANG_CXX_LIBRARY = "libc++";
				CLANG_ENABLE_MODULES = YES;
				CLANG_ENABLE_OBJC_ARC = YES;
				CLANG_ENABLE_OBJC_WEAK = YES;
				CLANG_WARN_BLOCK_CAPTURE_AUTORELEASING = YES;
				CLANG_WARN_BOOL_CONVERSION = YES;
				CLANG_WARN_COMMA = YES;
				CLANG_WARN_CONSTANT_CONVERSION = YES;
				CLANG_WARN_DEPRECATED_OBJC_IMPLEMENTATIONS = YES;
				CLANG_WARN_DIRECT_OBJC_ISA_USAGE = YES_ERROR;
				CLANG_WARN_DOCUMENTATION_COMMENTS = YES;
				CLANG_WARN_EMPTY_BODY = YES;
				CLANG_WARN_ENUM_CONVERSION = YES;
				CLANG_WARN_INFINITE_RECURSION = YES;
				CLANG_WARN_INT_CONVERSION = YES;
				CLANG_WARN_NON_LITERAL_NULL_CONVERSION = YES;
				CLANG_WARN_OBJC_IMPLICIT_RETAIN_SELF = YES;
				CLANG_WARN_OBJC_LITERAL_CONVERSION = YES;
				CLANG_WARN_OBJC_ROOT_CLASS = YES_ERROR;
				CLANG_WARN_QUOTED_INCLUDE_IN_FRAMEWORK_HEADER = YES;
				CLANG_WARN_RANGE_LOOP_ANALYSIS = YES;
				CLANG_WARN_STRICT_PROTOTYPES = YES;
				CLANG_WARN_SUSPICIOUS_MOVE = YES;
				CLANG_WARN_UNGUARDED_AVAILABILITY = YES_AGGRESSIVE;
				CLANG_WARN_UNREACHABLE_CODE = YES;
				CLANG_WARN__DUPLICATE_METHOD_MATCH = YES;
				COPY_PHASE_STRIP = NO;
				DEBUG_INFORMATION_FORMAT = "dwarf-with-dsym";
				ENABLE_NS_ASSERTIONS = NO;
				ENABLE_STRICT_OBJC_MSGSEND = YES;
				GCC_C_LANGUAGE_STANDARD = gnu11;
				GCC_NO_COMMON_BLOCKS = YES;
				GCC_WARN_64_TO_32_BIT_CONVERSION = YES;
				GCC_WARN_ABOUT_RETURN_TYPE = YES_ERROR;
				GCC_WARN_UNDECLARED_SELECTOR = YES;
				GCC_WARN_UNINITIALIZED_AUTOS = YES_AGGRESSIVE;
				GCC_WARN_UNUSED_FUNCTION = YES;
				GCC_WARN_UNUSED_VARIABLE = YES;
				IPHONEOS_DEPLOYMENT_TARGET = 14.3;
				MTL_ENABLE_DEBUG_INFO = NO;
				MTL_FAST_MATH = YES;
				SDKROOT = iphoneos;
				SWIFT_COMPILATION_MODE = wholemodule;
				SWIFT_OPTIMIZATION_LEVEL = "-O";
				VALIDATE_PRODUCT = YES;
			};
			name = Release;
		};
		D6E04C9F25B8945D00B0320D /* Debug */ = {
			isa = XCBuildConfiguration;
			buildSettings = {
				ASSETCATALOG_COMPILER_APPICON_NAME = AppIcon;
				ASSETCATALOG_COMPILER_GLOBAL_ACCENT_COLOR_NAME = AccentColor;
				CODE_SIGN_STYLE = Automatic;
				DEVELOPMENT_ASSET_PATHS = "\"Fructs App/Preview Content\"";
				DEVELOPMENT_TEAM = SJG2A7QTCS;
				ENABLE_PREVIEWS = YES;
				INFOPLIST_FILE = "Fructs App/Info.plist";
				IPHONEOS_DEPLOYMENT_TARGET = 14.0;
				LD_RUNPATH_SEARCH_PATHS = (
					"$(inherited)",
					"@executable_path/Frameworks",
				);
				PRODUCT_BUNDLE_IDENTIFIER = "com.cebanCoding.Fructs-App";
				PRODUCT_NAME = "$(TARGET_NAME)";
				SWIFT_VERSION = 5.0;
				TARGETED_DEVICE_FAMILY = "1,2";
			};
			name = Debug;
		};
		D6E04CA025B8945D00B0320D /* Release */ = {
			isa = XCBuildConfiguration;
			buildSettings = {
				ASSETCATALOG_COMPILER_APPICON_NAME = AppIcon;
				ASSETCATALOG_COMPILER_GLOBAL_ACCENT_COLOR_NAME = AccentColor;
				CODE_SIGN_STYLE = Automatic;
				DEVELOPMENT_ASSET_PATHS = "\"Fructs App/Preview Content\"";
				DEVELOPMENT_TEAM = SJG2A7QTCS;
				ENABLE_PREVIEWS = YES;
				INFOPLIST_FILE = "Fructs App/Info.plist";
				IPHONEOS_DEPLOYMENT_TARGET = 14.0;
				LD_RUNPATH_SEARCH_PATHS = (
					"$(inherited)",
					"@executable_path/Frameworks",
				);
				PRODUCT_BUNDLE_IDENTIFIER = "com.cebanCoding.Fructs-App";
				PRODUCT_NAME = "$(TARGET_NAME)";
				SWIFT_VERSION = 5.0;
				TARGETED_DEVICE_FAMILY = "1,2";
			};
			name = Release;
		};
/* End XCBuildConfiguration section */

/* Begin XCConfigurationList section */
		D6E04C8A25B8945C00B0320D /* Build configuration list for PBXProject "Fructs App" */ = {
			isa = XCConfigurationList;
			buildConfigurations = (
				D6E04C9C25B8945D00B0320D /* Debug */,
				D6E04C9D25B8945D00B0320D /* Release */,
			);
			defaultConfigurationIsVisible = 0;
			defaultConfigurationName = Release;
		};
		D6E04C9E25B8945D00B0320D /* Build configuration list for PBXNativeTarget "Fructs App" */ = {
			isa = XCConfigurationList;
			buildConfigurations = (
				D6E04C9F25B8945D00B0320D /* Debug */,
				D6E04CA025B8945D00B0320D /* Release */,
			);
			defaultConfigurationIsVisible = 0;
			defaultConfigurationName = Release;
		};
/* End XCConfigurationList section */
	};
	rootObject = D6E04C8725B8945C00B0320D /* Project object */;
}
